PODS:
  - LTM (1.1.2):
    - LTM/Common (= 1.1.2)
    - LTM/UIKit (= 1.1.2)
  - LTM/Common (1.1.2)
  - LTM/UIKit (1.1.2):
    - LTM/Common
  - TravisCIDemo (0.0.1):
    - LTM (~> 1.1.2)

DEPENDENCIES:
  - TravisCIDemo (from `../../.`)

EXTERNAL SOURCES:
  TravisCIDemo:
    :path: "../../."

SPEC CHECKSUMS:
  LTM: fd5c39d643bf81284a09d509bc9786a04d5a1494
  TravisCIDemo: 0cdbddf5ca590431d414da1930c1b16f93fb0375

PODFILE CHECKSUM: 1c0850462c7f3c12bf273aab749d2e82e2c75e1d

COCOAPODS: 1.1.1
